
Microsoft Visual Studio Solution File, Format Version 12.00
# Visual Studio Version 17
VisualStudioVersion = 17.10.34928.147
MinimumVisualStudioVersion = 10.0.40219.1
Project("{2150E333-8FDC-42A3-9474-1A3956D46DE8}") = "Services", "Services", "{2EB58819-8DC7-4771-8DED-4EE37656CC23}"
EndProject
Project("{FAE04EC0-301F-11D3-BF4B-00C04F79EFBC}") = "Catelogue.API", "Services\Catelogue.API\Catelogue.API.csproj", "{BF989922-D407-4D36-98E9-501575C38694}"
EndProject
Global
	GlobalSection(SolutionConfigurationPlatforms) = preSolution
		Debug|Any CPU = Debug|Any CPU
		Release|Any CPU = Release|Any CPU
	EndGlobalSection
	GlobalSection(ProjectConfigurationPlatforms) = postSolution
		{BF989922-D407-4D36-98E9-501575C38694}.Debug|Any CPU.ActiveCfg = Debug|Any CPU
		{BF989922-D407-4D36-98E9-501575C38694}.Debug|Any CPU.Build.0 = Debug|Any CPU
		{BF989922-D407-4D36-98E9-501575C38694}.Release|Any CPU.ActiveCfg = Release|Any CPU
		{BF989922-D407-4D36-98E9-501575C38694}.Release|Any CPU.Build.0 = Release|Any CPU
	EndGlobalSection
	GlobalSection(SolutionProperties) = preSolution
		HideSolutionNode = FALSE
	EndGlobalSection
	GlobalSection(NestedProjects) = preSolution
		{BF989922-D407-4D36-98E9-501575C38694} = {2EB58819-8DC7-4771-8DED-4EE37656CC23}
	EndGlobalSection
	GlobalSection(ExtensibilityGlobals) = postSolution
		SolutionGuid = {717274FE-12F5-4D51-B038-AEDDC785C0ED}
	EndGlobalSection
EndGlobal
