
Microsoft Visual Studio Solution File, Format Version 12.00
# Visual Studio Version 17
VisualStudioVersion = 17.10.34928.147
MinimumVisualStudioVersion = 10.0.40219.1
Project("{2150E333-8FDC-42A3-9474-1A3956D46DE8}") = "Services", "Services", "{2EB58819-8DC7-4771-8DED-4EE37656CC23}"
EndProject
Project("{F2A71F9B-5D33-465A-A702-920D77279786}") = "Catalogue.API", "Services\Catalogue.API\Catalogue.API.fsproj", "{5B3C2113-82D9-442F-87DA-AFF667D678D7}"
EndProject
Global
	GlobalSection(SolutionConfigurationPlatforms) = preSolution
		Debug|Any CPU = Debug|Any CPU
		Release|Any CPU = Release|Any CPU
	EndGlobalSection
	GlobalSection(ProjectConfigurationPlatforms) = postSolution
		{5B3C2113-82D9-442F-87DA-AFF667D678D7}.Debug|Any CPU.ActiveCfg = Debug|Any CPU
		{5B3C2113-82D9-442F-87DA-AFF667D678D7}.Debug|Any CPU.Build.0 = Debug|Any CPU
		{5B3C2113-82D9-442F-87DA-AFF667D678D7}.Release|Any CPU.ActiveCfg = Release|Any CPU
		{5B3C2113-82D9-442F-87DA-AFF667D678D7}.Release|Any CPU.Build.0 = Release|Any CPU
	EndGlobalSection
	GlobalSection(SolutionProperties) = preSolution
		HideSolutionNode = FALSE
	EndGlobalSection
	GlobalSection(NestedProjects) = preSolution
		{5B3C2113-82D9-442F-87DA-AFF667D678D7} = {2EB58819-8DC7-4771-8DED-4EE37656CC23}
	EndGlobalSection
	GlobalSection(ExtensibilityGlobals) = postSolution
		SolutionGuid = {717274FE-12F5-4D51-B038-AEDDC785C0ED}
	EndGlobalSection
EndGlobal
